// !$*UTF8*$!
{
	archiveVersion = 1;
	classes = {
	};
	objectVersion = 50;
	objects = {

/* Begin PBXBuildFile section */
		952AD53524E45701000B46F1 /* AppDelegate.swift in Sources */ = {isa = PBXBuildFile; fileRef = 952AD53424E45701000B46F1 /* AppDelegate.swift */; };
		952AD53724E45701000B46F1 /* SceneDelegate.swift in Sources */ = {isa = PBXBuildFile; fileRef = 952AD53624E45701000B46F1 /* SceneDelegate.swift */; };
		952AD53924E45701000B46F1 /* ViewController.swift in Sources */ = {isa = PBXBuildFile; fileRef = 952AD53824E45701000B46F1 /* ViewController.swift */; };
		952AD53C24E45701000B46F1 /* Main.storyboard in Resources */ = {isa = PBXBuildFile; fileRef = 952AD53A24E45701000B46F1 /* Main.storyboard */; };
		952AD53F24E45701000B46F1 /* OldProjectName.xcdatamodeld in Sources */ = {isa = PBXBuildFile; fileRef = 952AD53D24E45701000B46F1 /* OldProjectName.xcdatamodeld */; };
		952AD54124E45701000B46F1 /* Assets.xcassets in Resources */ = {isa = PBXBuildFile; fileRef = 952AD54024E45701000B46F1 /* Assets.xcassets */; };
		952AD54424E45701000B46F1 /* LaunchScreen.storyboard in Resources */ = {isa = PBXBuildFile; fileRef = 952AD54224E45701000B46F1 /* LaunchScreen.storyboard */; };
		952AD54F24E45702000B46F1 /* OldProjectNameTests.swift in Sources */ = {isa = PBXBuildFile; fileRef = 952AD54E24E45702000B46F1 /* OldProjectNameTests.swift */; };
		952AD55A24E45702000B46F1 /* OldProjectNameUITests.swift in Sources */ = {isa = PBXBuildFile; fileRef = 952AD55924E45702000B46F1 /* OldProjectNameUITests.swift */; };
/* End PBXBuildFile section */

/* Begin PBXContainerItemProxy section */
		952AD54B24E45702000B46F1 /* PBXContainerItemProxy */ = {
			isa = PBXContainerItemProxy;
			containerPortal = 952AD52924E45701000B46F1 /* Project object */;
			proxyType = 1;
			remoteGlobalIDString = 952AD53024E45701000B46F1;
			remoteInfo = OldProjectName;
		};
		952AD55624E45702000B46F1 /* PBXContainerItemProxy */ = {
			isa = PBXContainerItemProxy;
			containerPortal = 952AD52924E45701000B46F1 /* Project object */;
			proxyType = 1;
			remoteGlobalIDString = 952AD53024E45701000B46F1;
			remoteInfo = OldProjectName;
		};
/* End PBXContainerItemProxy section */

/* Begin PBXFileReference section */
		952AD53124E45701000B46F1 /* OldProjectName.app */ = {isa = PBXFileReference; explicitFileType = wrapper.application; includeInIndex = 0; path = OldProjectName.app; sourceTree = BUILT_PRODUCTS_DIR; };
		952AD53424E45701000B46F1 /* AppDelegate.swift */ = {isa = PBXFileReference; lastKnownFileType = sourcecode.swift; path = AppDelegate.swift; sourceTree = "<group>"; };
		952AD53624E45701000B46F1 /* SceneDelegate.swift */ = {isa = PBXFileReference; lastKnownFileType = sourcecode.swift; path = SceneDelegate.swift; sourceTree = "<group>"; };
		952AD53824E45701000B46F1 /* ViewController.swift */ = {isa = PBXFileReference; lastKnownFileType = sourcecode.swift; path = ViewController.swift; sourceTree = "<group>"; };
		952AD53B24E45701000B46F1 /* Base */ = {isa = PBXFileReference; lastKnownFileType = file.storyboard; name = Base; path = Base.lproj/Main.storyboard; sourceTree = "<group>"; };
		952AD53E24E45701000B46F1 /* OldProjectName.xcdatamodel */ = {isa = PBXFileReference; lastKnownFileType = wrapper.xcdatamodel; path = OldProjectName.xcdatamodel; sourceTree = "<group>"; };
		952AD54024E45701000B46F1 /* Assets.xcassets */ = {isa = PBXFileReference; lastKnownFileType = folder.assetcatalog; path = Assets.xcassets; sourceTree = "<group>"; };
		952AD54324E45701000B46F1 /* Base */ = {isa = PBXFileReference; lastKnownFileType = file.storyboard; name = Base; path = Base.lproj/LaunchScreen.storyboard; sourceTree = "<group>"; };
		952AD54524E45701000B46F1 /* Info.plist */ = {isa = PBXFileReference; lastKnownFileType = text.plist.xml; path = Info.plist; sourceTree = "<group>"; };
		952AD54A24E45702000B46F1 /* OldProjectNameTests.xctest */ = {isa = PBXFileReference; explicitFileType = wrapper.cfbundle; includeInIndex = 0; path = OldProjectNameTests.xctest; sourceTree = BUILT_PRODUCTS_DIR; };
		952AD54E24E45702000B46F1 /* OldProjectNameTests.swift */ = {isa = PBXFileReference; lastKnownFileType = sourcecode.swift; path = OldProjectNameTests.swift; sourceTree = "<group>"; };
		952AD55024E45702000B46F1 /* Info.plist */ = {isa = PBXFileReference; lastKnownFileType = text.plist.xml; path = Info.plist; sourceTree = "<group>"; };
		952AD55524E45702000B46F1 /* OldProjectNameUITests.xctest */ = {isa = PBXFileReference; explicitFileType = wrapper.cfbundle; includeInIndex = 0; path = OldProjectNameUITests.xctest; sourceTree = BUILT_PRODUCTS_DIR; };
		952AD55924E45702000B46F1 /* OldProjectNameUITests.swift */ = {isa = PBXFileReference; lastKnownFileType = sourcecode.swift; path = OldProjectNameUITests.swift; sourceTree = "<group>"; };
		952AD55B24E45702000B46F1 /* Info.plist */ = {isa = PBXFileReference; lastKnownFileType = text.plist.xml; path = Info.plist; sourceTree = "<group>"; };
/* End PBXFileReference section */

/* Begin PBXFrameworksBuildPhase section */
		952AD52E24E45701000B46F1 /* Frameworks */ = {
			isa = PBXFrameworksBuildPhase;
			buildActionMask = 2147483647;
			files = (
			);
			runOnlyForDeploymentPostprocessing = 0;
		};
		952AD54724E45702000B46F1 /* Frameworks */ = {
			isa = PBXFrameworksBuildPhase;
			buildActionMask = 2147483647;
			files = (
			);
			runOnlyForDeploymentPostprocessing = 0;
		};
		952AD55224E45702000B46F1 /* Frameworks */ = {
			isa = PBXFrameworksBuildPhase;
			buildActionMask = 2147483647;
			files = (
			);
			runOnlyForDeploymentPostprocessing = 0;
		};
/* End PBXFrameworksBuildPhase section */

/* Begin PBXGroup section */
		952AD52824E45701000B46F1 = {
			isa = PBXGroup;
			children = (
				952AD53324E45701000B46F1 /* OldProjectName */,
				952AD54D24E45702000B46F1 /* OldProjectNameTests */,
				952AD55824E45702000B46F1 /* OldProjectNameUITests */,
				952AD53224E45701000B46F1 /* Products */,
			);
			sourceTree = "<group>";
		};
		952AD53224E45701000B46F1 /* Products */ = {
			isa = PBXGroup;
			children = (
				952AD53124E45701000B46F1 /* OldProjectName.app */,
				952AD54A24E45702000B46F1 /* OldProjectNameTests.xctest */,
				952AD55524E45702000B46F1 /* OldProjectNameUITests.xctest */,
			);
			name = Products;
			sourceTree = "<group>";
		};
		952AD53324E45701000B46F1 /* OldProjectName */ = {
			isa = PBXGroup;
			children = (
				952AD53424E45701000B46F1 /* AppDelegate.swift */,
				952AD53624E45701000B46F1 /* SceneDelegate.swift */,
				952AD53824E45701000B46F1 /* ViewController.swift */,
				952AD53A24E45701000B46F1 /* Main.storyboard */,
				952AD54024E45701000B46F1 /* Assets.xcassets */,
				952AD54224E45701000B46F1 /* LaunchScreen.storyboard */,
				952AD54524E45701000B46F1 /* Info.plist */,
				952AD53D24E45701000B46F1 /* OldProjectName.xcdatamodeld */,
			);
			path = OldProjectName;
			sourceTree = "<group>";
		};
		952AD54D24E45702000B46F1 /* OldProjectNameTests */ = {
			isa = PBXGroup;
			children = (
				952AD54E24E45702000B46F1 /* OldProjectNameTests.swift */,
				952AD55024E45702000B46F1 /* Info.plist */,
			);
			path = OldProjectNameTests;
			sourceTree = "<group>";
		};
		952AD55824E45702000B46F1 /* OldProjectNameUITests */ = {
			isa = PBXGroup;
			children = (
				952AD55924E45702000B46F1 /* OldProjectNameUITests.swift */,
				952AD55B24E45702000B46F1 /* Info.plist */,
			);
			path = OldProjectNameUITests;
			sourceTree = "<group>";
		};
/* End PBXGroup section */

/* Begin PBXNativeTarget section */
		952AD53024E45701000B46F1 /* OldProjectName */ = {
			isa = PBXNativeTarget;
			buildConfigurationList = 952AD55E24E45702000B46F1 /* Build configuration list for PBXNativeTarget "OldProjectName" */;
			buildPhases = (
				952AD52D24E45701000B46F1 /* Sources */,
				952AD52E24E45701000B46F1 /* Frameworks */,
				952AD52F24E45701000B46F1 /* Resources */,
			);
			buildRules = (
			);
			dependencies = (
			);
			name = OldProjectName;
			productName = OldProjectName;
			productReference = 952AD53124E45701000B46F1 /* OldProjectName.app */;
			productType = "com.apple.product-type.application";
		};
		952AD54924E45702000B46F1 /* OldProjectNameTests */ = {
			isa = PBXNativeTarget;
			buildConfigurationList = 952AD56124E45702000B46F1 /* Build configuration list for PBXNativeTarget "OldProjectNameTests" */;
			buildPhases = (
				952AD54624E45702000B46F1 /* Sources */,
				952AD54724E45702000B46F1 /* Frameworks */,
				952AD54824E45702000B46F1 /* Resources */,
			);
			buildRules = (
			);
			dependencies = (
				952AD54C24E45702000B46F1 /* PBXTargetDependency */,
			);
			name = OldProjectNameTests;
			productName = OldProjectNameTests;
			productReference = 952AD54A24E45702000B46F1 /* OldProjectNameTests.xctest */;
			productType = "com.apple.product-type.bundle.unit-test";
		};
		952AD55424E45702000B46F1 /* OldProjectNameUITests */ = {
			isa = PBXNativeTarget;
			buildConfigurationList = 952AD56424E45702000B46F1 /* Build configuration list for PBXNativeTarget "OldProjectNameUITests" */;
			buildPhases = (
				952AD55124E45702000B46F1 /* Sources */,
				952AD55224E45702000B46F1 /* Frameworks */,
				952AD55324E45702000B46F1 /* Resources */,
			);
			buildRules = (
			);
			dependencies = (
				952AD55724E45702000B46F1 /* PBXTargetDependency */,
			);
			name = OldProjectNameUITests;
			productName = OldProjectNameUITests;
			productReference = 952AD55524E45702000B46F1 /* OldProjectNameUITests.xctest */;
			productType = "com.apple.product-type.bundle.ui-testing";
		};
/* End PBXNativeTarget section */

/* Begin PBXProject section */
		952AD52924E45701000B46F1 /* Project object */ = {
			isa = PBXProject;
			attributes = {
				LastSwiftUpdateCheck = 1160;
				LastUpgradeCheck = 1160;
				ORGANIZATIONNAME = ProgrammingWithSwift;
				TargetAttributes = {
					952AD53024E45701000B46F1 = {
						CreatedOnToolsVersion = 11.6;
					};
					952AD54924E45702000B46F1 = {
						CreatedOnToolsVersion = 11.6;
						TestTargetID = 952AD53024E45701000B46F1;
					};
					952AD55424E45702000B46F1 = {
						CreatedOnToolsVersion = 11.6;
						TestTargetID = 952AD53024E45701000B46F1;
					};
				};
			};
			buildConfigurationList = 952AD52C24E45701000B46F1 /* Build configuration list for PBXProject "NewProjectName" */;
			compatibilityVersion = "Xcode 9.3";
			developmentRegion = en;
			hasScannedForEncodings = 0;
			knownRegions = (
				en,
				Base,
			);
			mainGroup = 952AD52824E45701000B46F1;
			productRefGroup = 952AD53224E45701000B46F1 /* Products */;
			projectDirPath = "";
			projectRoot = "";
			targets = (
				952AD53024E45701000B46F1 /* OldProjectName */,
				952AD54924E45702000B46F1 /* OldProjectNameTests */,
				952AD55424E45702000B46F1 /* OldProjectNameUITests */,
			);
		};
/* End PBXProject section */

/* Begin PBXResourcesBuildPhase section */
		952AD52F24E45701000B46F1 /* Resources */ = {
			isa = PBXResourcesBuildPhase;
			buildActionMask = 2147483647;
			files = (
				952AD54424E45701000B46F1 /* LaunchScreen.storyboard in Resources */,
				952AD54124E45701000B46F1 /* Assets.xcassets in Resources */,
				952AD53C24E45701000B46F1 /* Main.storyboard in Resources */,
			);
			runOnlyForDeploymentPostprocessing = 0;
		};
		952AD54824E45702000B46F1 /* Resources */ = {
			isa = PBXResourcesBuildPhase;
			buildActionMask = 2147483647;
			files = (
			);
			runOnlyForDeploymentPostprocessing = 0;
		};
		952AD55324E45702000B46F1 /* Resources */ = {
			isa = PBXResourcesBuildPhase;
			buildActionMask = 2147483647;
			files = (
			);
			runOnlyForDeploymentPostprocessing = 0;
		};
/* End PBXResourcesBuildPhase section */

/* Begin PBXSourcesBuildPhase section */
		952AD52D24E45701000B46F1 /* Sources */ = {
			isa = PBXSourcesBuildPhase;
			buildActionMask = 2147483647;
			files = (
				952AD53924E45701000B46F1 /* ViewController.swift in Sources */,
				952AD53524E45701000B46F1 /* AppDelegate.swift in Sources */,
				952AD53F24E45701000B46F1 /* OldProjectName.xcdatamodeld in Sources */,
				952AD53724E45701000B46F1 /* SceneDelegate.swift in Sources */,
			);
			runOnlyForDeploymentPostprocessing = 0;
		};
		952AD54624E45702000B46F1 /* Sources */ = {
			isa = PBXSourcesBuildPhase;
			buildActionMask = 2147483647;
			files = (
				952AD54F24E45702000B46F1 /* OldProjectNameTests.swift in Sources */,
			);
			runOnlyForDeploymentPostprocessing = 0;
		};
		952AD55124E45702000B46F1 /* Sources */ = {
			isa = PBXSourcesBuildPhase;
			buildActionMask = 2147483647;
			files = (
				952AD55A24E45702000B46F1 /* OldProjectNameUITests.swift in Sources */,
			);
			runOnlyForDeploymentPostprocessing = 0;
		};
/* End PBXSourcesBuildPhase section */

/* Begin PBXTargetDependency section */
		952AD54C24E45702000B46F1 /* PBXTargetDependency */ = {
			isa = PBXTargetDependency;
			target = 952AD53024E45701000B46F1 /* OldProjectName */;
			targetProxy = 952AD54B24E45702000B46F1 /* PBXContainerItemProxy */;
		};
		952AD55724E45702000B46F1 /* PBXTargetDependency */ = {
			isa = PBXTargetDependency;
			target = 952AD53024E45701000B46F1 /* OldProjectName */;
			targetProxy = 952AD55624E45702000B46F1 /* PBXContainerItemProxy */;
		};
/* End PBXTargetDependency section */

/* Begin PBXVariantGroup section */
		952AD53A24E45701000B46F1 /* Main.storyboard */ = {
			isa = PBXVariantGroup;
			children = (
				952AD53B24E45701000B46F1 /* Base */,
			);
			name = Main.storyboard;
			sourceTree = "<group>";
		};
		952AD54224E45701000B46F1 /* LaunchScreen.storyboard */ = {
			isa = PBXVariantGroup;
			children = (
				952AD54324E45701000B46F1 /* Base */,
			);
			name = LaunchScreen.storyboard;
			sourceTree = "<group>";
		};
/* End PBXVariantGroup section */

/* Begin XCBuildConfiguration section */
		952AD55C24E45702000B46F1 /* Debug */ = {
			isa = XCBuildConfiguration;
			buildSettings = {
				ALWAYS_SEARCH_USER_PATHS = NO;
				CLANG_ANALYZER_NONNULL = YES;
				CLANG_ANALYZER_NUMBER_OBJECT_CONVERSION = YES_AGGRESSIVE;
				CLANG_CXX_LANGUAGE_STANDARD = "gnu++14";
				CLANG_CXX_LIBRARY = "libc++";
				CLANG_ENABLE_MODULES = YES;
				CLANG_ENABLE_OBJC_ARC = YES;
				CLANG_ENABLE_OBJC_WEAK = YES;
				CLANG_WARN_BLOCK_CAPTURE_AUTORELEASING = YES;
				CLANG_WARN_BOOL_CONVERSION = YES;
				CLANG_WARN_COMMA = YES;
				CLANG_WARN_CONSTANT_CONVERSION = YES;
				CLANG_WARN_DEPRECATED_OBJC_IMPLEMENTATIONS = YES;
				CLANG_WARN_DIRECT_OBJC_ISA_USAGE = YES_ERROR;
				CLANG_WARN_DOCUMENTATION_COMMENTS = YES;
				CLANG_WARN_EMPTY_BODY = YES;
				CLANG_WARN_ENUM_CONVERSION = YES;
				CLANG_WARN_INFINITE_RECURSION = YES;
				CLANG_WARN_INT_CONVERSION = YES;
				CLANG_WARN_NON_LITERAL_NULL_CONVERSION = YES;
				CLANG_WARN_OBJC_IMPLICIT_RETAIN_SELF = YES;
				CLANG_WARN_OBJC_LITERAL_CONVERSION = YES;
				CLANG_WARN_OBJC_ROOT_CLASS = YES_ERROR;
				CLANG_WARN_RANGE_LOOP_ANALYSIS = YES;
				CLANG_WARN_STRICT_PROTOTYPES = YES;
				CLANG_WARN_SUSPICIOUS_MOVE = YES;
				CLANG_WARN_UNGUARDED_AVAILABILITY = YES_AGGRESSIVE;
				CLANG_WARN_UNREACHABLE_CODE = YES;
				CLANG_WARN__DUPLICATE_METHOD_MATCH = YES;
				COPY_PHASE_STRIP = NO;
				DEBUG_INFORMATION_FORMAT = dwarf;
				ENABLE_STRICT_OBJC_MSGSEND = YES;
				ENABLE_TESTABILITY = YES;
				GCC_C_LANGUAGE_STANDARD = gnu11;
				GCC_DYNAMIC_NO_PIC = NO;
				GCC_NO_COMMON_BLOCKS = YES;
				GCC_OPTIMIZATION_LEVEL = 0;
				GCC_PREPROCESSOR_DEFINITIONS = (
					"DEBUG=1",
					"$(inherited)",
				);
				GCC_WARN_64_TO_32_BIT_CONVERSION = YES;
				GCC_WARN_ABOUT_RETURN_TYPE = YES_ERROR;
				GCC_WARN_UNDECLARED_SELECTOR = YES;
				GCC_WARN_UNINITIALIZED_AUTOS = YES_AGGRESSIVE;
				GCC_WARN_UNUSED_FUNCTION = YES;
				GCC_WARN_UNUSED_VARIABLE = YES;
				IPHONEOS_DEPLOYMENT_TARGET = 13.6;
				MTL_ENABLE_DEBUG_INFO = INCLUDE_SOURCE;
				MTL_FAST_MATH = YES;
				ONLY_ACTIVE_ARCH = YES;
				SDKROOT = iphoneos;
				SWIFT_ACTIVE_COMPILATION_CONDITIONS = DEBUG;
				SWIFT_OPTIMIZATION_LEVEL = "-Onone";
			};
			name = Debug;
		};
		952AD55D24E45702000B46F1 /* Release */ = {
			isa = XCBuildConfiguration;
			buildSettings = {
				ALWAYS_SEARCH_USER_PATHS = NO;
				CLANG_ANALYZER_NONNULL = YES;
				CLANG_ANALYZER_NUMBER_OBJECT_CONVERSION = YES_AGGRESSIVE;
				CLANG_CXX_LANGUAGE_STANDARD = "gnu++14";
				CLANG_CXX_LIBRARY = "libc++";
				CLANG_ENABLE_MODULES = YES;
				CLANG_ENABLE_OBJC_ARC = YES;
				CLANG_ENABLE_OBJC_WEAK = YES;
				CLANG_WARN_BLOCK_CAPTURE_AUTORELEASING = YES;
				CLANG_WARN_BOOL_CONVERSION = YES;
				CLANG_WARN_COMMA = YES;
				CLANG_WARN_CONSTANT_CONVERSION = YES;
				CLANG_WARN_DEPRECATED_OBJC_IMPLEMENTATIONS = YES;
				CLANG_WARN_DIRECT_OBJC_ISA_USAGE = YES_ERROR;
				CLANG_WARN_DOCUMENTATION_COMMENTS = YES;
				CLANG_WARN_EMPTY_BODY = YES;
				CLANG_WARN_ENUM_CONVERSION = YES;
				CLANG_WARN_INFINITE_RECURSION = YES;
				CLANG_WARN_INT_CONVERSION = YES;
				CLANG_WARN_NON_LITERAL_NULL_CONVERSION = YES;
				CLANG_WARN_OBJC_IMPLICIT_RETAIN_SELF = YES;
				CLANG_WARN_OBJC_LITERAL_CONVERSION = YES;
				CLANG_WARN_OBJC_ROOT_CLASS = YES_ERROR;
				CLANG_WARN_RANGE_LOOP_ANALYSIS = YES;
				CLANG_WARN_STRICT_PROTOTYPES = YES;
				CLANG_WARN_SUSPICIOUS_MOVE = YES;
				CLANG_WARN_UNGUARDED_AVAILABILITY = YES_AGGRESSIVE;
				CLANG_WARN_UNREACHABLE_CODE = YES;
				CLANG_WARN__DUPLICATE_METHOD_MATCH = YES;
				COPY_PHASE_STRIP = NO;
				DEBUG_INFORMATION_FORMAT = "dwarf-with-dsym";
				ENABLE_NS_ASSERTIONS = NO;
				ENABLE_STRICT_OBJC_MSGSEND = YES;
				GCC_C_LANGUAGE_STANDARD = gnu11;
				GCC_NO_COMMON_BLOCKS = YES;
				GCC_WARN_64_TO_32_BIT_CONVERSION = YES;
				GCC_WARN_ABOUT_RETURN_TYPE = YES_ERROR;
				GCC_WARN_UNDECLARED_SELECTOR = YES;
				GCC_WARN_UNINITIALIZED_AUTOS = YES_AGGRESSIVE;
				GCC_WARN_UNUSED_FUNCTION = YES;
				GCC_WARN_UNUSED_VARIABLE = YES;
				IPHONEOS_DEPLOYMENT_TARGET = 13.6;
				MTL_ENABLE_DEBUG_INFO = NO;
				MTL_FAST_MATH = YES;
				SDKROOT = iphoneos;
				SWIFT_COMPILATION_MODE = wholemodule;
				SWIFT_OPTIMIZATION_LEVEL = "-O";
				VALIDATE_PRODUCT = YES;
			};
			name = Release;
		};
		952AD55F24E45702000B46F1 /* Debug */ = {
			isa = XCBuildConfiguration;
			buildSettings = {
				ASSETCATALOG_COMPILER_APPICON_NAME = AppIcon;
				CODE_SIGN_STYLE = Automatic;
				INFOPLIST_FILE = OldProjectName/Info.plist;
				LD_RUNPATH_SEARCH_PATHS = (
					"$(inherited)",
					"@executable_path/Frameworks",
				);
				PRODUCT_BUNDLE_IDENTIFIER = com.test.OldProjectName;
				PRODUCT_NAME = "$(TARGET_NAME)";
				SWIFT_VERSION = 5.0;
				TARGETED_DEVICE_FAMILY = "1,2";
			};
			name = Debug;
		};
		952AD56024E45702000B46F1 /* Release */ = {
			isa = XCBuildConfiguration;
			buildSettings = {
				ASSETCATALOG_COMPILER_APPICON_NAME = AppIcon;
				CODE_SIGN_STYLE = Automatic;
				INFOPLIST_FILE = OldProjectName/Info.plist;
				LD_RUNPATH_SEARCH_PATHS = (
					"$(inherited)",
					"@executable_path/Frameworks",
				);
				PRODUCT_BUNDLE_IDENTIFIER = com.test.OldProjectName;
				PRODUCT_NAME = "$(TARGET_NAME)";
				SWIFT_VERSION = 5.0;
				TARGETED_DEVICE_FAMILY = "1,2";
			};
			name = Release;
		};
		952AD56224E45702000B46F1 /* Debug */ = {
			isa = XCBuildConfiguration;
			buildSettings = {
				ALWAYS_EMBED_SWIFT_STANDARD_LIBRARIES = YES;
				BUNDLE_LOADER = "$(TEST_HOST)";
				CODE_SIGN_STYLE = Automatic;
				INFOPLIST_FILE = OldProjectNameTests/Info.plist;
				IPHONEOS_DEPLOYMENT_TARGET = 13.6;
				LD_RUNPATH_SEARCH_PATHS = (
					"$(inherited)",
					"@executable_path/Frameworks",
					"@loader_path/Frameworks",
				);
				PRODUCT_BUNDLE_IDENTIFIER = com.test.OldProjectNameTests;
				PRODUCT_NAME = "$(TARGET_NAME)";
				SWIFT_VERSION = 5.0;
				TARGETED_DEVICE_FAMILY = "1,2";
				TEST_HOST = "$(BUILT_PRODUCTS_DIR)/OldProjectName.app/OldProjectName";
			};
			name = Debug;
		};
		952AD56324E45702000B46F1 /* Release */ = {
			isa = XCBuildConfiguration;
			buildSettings = {
				ALWAYS_EMBED_SWIFT_STANDARD_LIBRARIES = YES;
				BUNDLE_LOADER = "$(TEST_HOST)";
				CODE_SIGN_STYLE = Automatic;
				INFOPLIST_FILE = OldProjectNameTests/Info.plist;
				IPHONEOS_DEPLOYMENT_TARGET = 13.6;
				LD_RUNPATH_SEARCH_PATHS = (
					"$(inherited)",
					"@executable_path/Frameworks",
					"@loader_path/Frameworks",
				);
				PRODUCT_BUNDLE_IDENTIFIER = com.test.OldProjectNameTests;
				PRODUCT_NAME = "$(TARGET_NAME)";
				SWIFT_VERSION = 5.0;
				TARGETED_DEVICE_FAMILY = "1,2";
				TEST_HOST = "$(BUILT_PRODUCTS_DIR)/OldProjectName.app/OldProjectName";
			};
			name = Release;
		};
		952AD56524E45702000B46F1 /* Debug */ = {
			isa = XCBuildConfiguration;
			buildSettings = {
				ALWAYS_EMBED_SWIFT_STANDARD_LIBRARIES = YES;
				CODE_SIGN_STYLE = Automatic;
				INFOPLIST_FILE = OldProjectNameUITests/Info.plist;
				LD_RUNPATH_SEARCH_PATHS = (
					"$(inherited)",
					"@executable_path/Frameworks",
					"@loader_path/Frameworks",
				);
				PRODUCT_BUNDLE_IDENTIFIER = com.test.OldProjectNameUITests;
				PRODUCT_NAME = "$(TARGET_NAME)";
				SWIFT_VERSION = 5.0;
				TARGETED_DEVICE_FAMILY = "1,2";
				TEST_TARGET_NAME = OldProjectName;
			};
			name = Debug;
		};
		952AD56624E45702000B46F1 /* Release */ = {
			isa = XCBuildConfiguration;
			buildSettings = {
				ALWAYS_EMBED_SWIFT_STANDARD_LIBRARIES = YES;
				CODE_SIGN_STYLE = Automatic;
				INFOPLIST_FILE = OldProjectNameUITests/Info.plist;
				LD_RUNPATH_SEARCH_PATHS = (
					"$(inherited)",
					"@executable_path/Frameworks",
					"@loader_path/Frameworks",
				);
				PRODUCT_BUNDLE_IDENTIFIER = com.test.OldProjectNameUITests;
				PRODUCT_NAME = "$(TARGET_NAME)";
				SWIFT_VERSION = 5.0;
				TARGETED_DEVICE_FAMILY = "1,2";
				TEST_TARGET_NAME = OldProjectName;
			};
			name = Release;
		};
/* End XCBuildConfiguration section */

/* Begin XCConfigurationList section */
		952AD52C24E45701000B46F1 /* Build configuration list for PBXProject "NewProjectName" */ = {
			isa = XCConfigurationList;
			buildConfigurations = (
				952AD55C24E45702000B46F1 /* Debug */,
				952AD55D24E45702000B46F1 /* Release */,
			);
			defaultConfigurationIsVisible = 0;
			defaultConfigurationName = Release;
		};
		952AD55E24E45702000B46F1 /* Build configuration list for PBXNativeTarget "OldProjectName" */ = {
			isa = XCConfigurationList;
			buildConfigurations = (
				952AD55F24E45702000B46F1 /* Debug */,
				952AD56024E45702000B46F1 /* Release */,
			);
			defaultConfigurationIsVisible = 0;
			defaultConfigurationName = Release;
		};
		952AD56124E45702000B46F1 /* Build configuration list for PBXNativeTarget "OldProjectNameTests" */ = {
			isa = XCConfigurationList;
			buildConfigurations = (
				952AD56224E45702000B46F1 /* Debug */,
				952AD56324E45702000B46F1 /* Release */,
			);
			defaultConfigurationIsVisible = 0;
			defaultConfigurationName = Release;
		};
		952AD56424E45702000B46F1 /* Build configuration list for PBXNativeTarget "OldProjectNameUITests" */ = {
			isa = XCConfigurationList;
			buildConfigurations = (
				952AD56524E45702000B46F1 /* Debug */,
				952AD56624E45702000B46F1 /* Release */,
			);
			defaultConfigurationIsVisible = 0;
			defaultConfigurationName = Release;
		};
/* End XCConfigurationList section */

/* Begin XCVersionGroup section */
		952AD53D24E45701000B46F1 /* OldProjectName.xcdatamodeld */ = {
			isa = XCVersionGroup;
			children = (
				952AD53E24E45701000B46F1 /* OldProjectName.xcdatamodel */,
			);
			currentVersion = 952AD53E24E45701000B46F1 /* OldProjectName.xcdatamodel */;
			path = OldProjectName.xcdatamodeld;
			sourceTree = "<group>";
			versionGroupType = wrapper.xcdatamodel;
		};
/* End XCVersionGroup section */
	};
	rootObject = 952AD52924E45701000B46F1 /* Project object */;
}
